
Microsoft Visual Studio Solution File, Format Version 12.00
# Visual Studio Version 16
VisualStudioVersion = 16.0.30621.155
MinimumVisualStudioVersion = 10.0.40219.1
Project("{FAE04EC0-301F-11D3-BF4B-00C04F79EFBC}") = "WpfApp1", "WpfApp1\WpfApp1.csproj", "{6AE52550-B726-444B-B413-F9F0360240FC}"
EndProject
Global
	GlobalSection(SolutionConfigurationPlatforms) = preSolution
		Debug|Any CPU = Debug|Any CPU
		Release|Any CPU = Release|Any CPU
	EndGlobalSection
	GlobalSection(ProjectConfigurationPlatforms) = postSolution
		{6AE52550-B726-444B-B413-F9F0360240FC}.Debug|Any CPU.ActiveCfg = Debug|Any CPU
		{6AE52550-B726-444B-B413-F9F0360240FC}.Debug|Any CPU.Build.0 = Debug|Any CPU
		{6AE52550-B726-444B-B413-F9F0360240FC}.Release|Any CPU.ActiveCfg = Release|Any CPU
		{6AE52550-B726-444B-B413-F9F0360240FC}.Release|Any CPU.Build.0 = Release|Any CPU
	EndGlobalSection
	GlobalSection(SolutionProperties) = preSolution
		HideSolutionNode = FALSE
	EndGlobalSection
	GlobalSection(ExtensibilityGlobals) = postSolution
		SolutionGuid = {C43ED975-0006-4889-8109-3F3C415B856F}
	EndGlobalSection
EndGlobal
